{
  "version": 4,
  "terraform_version": "1.10.5",
  "serial": 31,
  "lineage": "9a5a1b0f-314d-42d6-6008-d9a63bbc6372",
  "outputs": {},
  "resources": [
    {
      "module": "module.NSG",
      "mode": "managed",
      "type": "azurerm_network_security_group",
      "name": "nsg",
      "provider": "provider[\"registry.terraform.io/hashicorp/azurerm\"]",
      "instances": [
        {
          "index_key": "NSG_back",
          "schema_version": 0,
          "attributes": {
            "id": "/subscriptions/845670d0-6329-46a7-97a7-fe36dbdce51b/resourceGroups/jaydeep_rg1/providers/Microsoft.Network/networkSecurityGroups/jaydeep-nsg-back",
            "location": "centralindia",
            "name": "jaydeep-nsg-back",
            "resource_group_name": "jaydeep_rg1",
            "security_rule": [
              {
                "access": "Allow",
                "description": "",
                "destination_address_prefix": "*",
                "destination_address_prefixes": [],
                "destination_application_security_group_ids": [],
                "destination_port_range": "5000",
                "destination_port_ranges": [],
                "direction": "Inbound",
                "name": "Allow-SSH",
                "priority": 210,
                "protocol": "Tcp",
                "source_address_prefix": "*",
                "source_address_prefixes": [],
                "source_application_security_group_ids": [],
                "source_port_range": "*",
                "source_port_ranges": []
              }
            ],
            "tags": {
              "environment": "production"
            },
            "timeouts": null
          },
          "sensitive_attributes": [],
          "private": "eyJlMmJmYjczMC1lY2FhLTExZTYtOGY4OC0zNDM2M2JjN2M0YzAiOnsiY3JlYXRlIjoxODAwMDAwMDAwMDAwLCJkZWxldGUiOjE4MDAwMDAwMDAwMDAsInJlYWQiOjMwMDAwMDAwMDAwMCwidXBkYXRlIjoxODAwMDAwMDAwMDAwfX0=",
          "dependencies": [
            "module.VM.azurerm_linux_virtual_machine.backend_vm",
            "module.VM.azurerm_linux_virtual_machine.frontend_vm",
            "module.VM.data.azurerm_key_vault.kvi",
            "module.VM.data.azurerm_key_vault_secret.admin-login",
            "module.VM.data.azurerm_key_vault_secret.vm-password",
            "module.VM.data.azurerm_network_interface.net_backend",
            "module.VM.data.azurerm_network_interface.net_front",
            "module.Vnet.azurerm_virtual_network.vnet_Jay",
            "module.key_vaults.azurerm_key_vault.kv_jay",
            "module.kv_admin_roles.azurerm_role_assignment.kv_admin",
            "module.kv_admin_roles.data.azurerm_key_vault.kvi",
            "module.nic.azurerm_network_interface.nic_config",
            "module.nic.data.azurerm_public_ip.ips",
            "module.nic.data.azurerm_subnet.subnets",
            "module.public_ip.azurerm_public_ip.frontend_ip",
            "module.subnet.azurerm_subnet.subnet_frontend",
            "module.xyz.azurerm_resource_group.jaydeep_rg1"
          ]
        },
        {
          "index_key": "NSG_front",
          "schema_version": 0,
          "attributes": {
            "id": "/subscriptions/845670d0-6329-46a7-97a7-fe36dbdce51b/resourceGroups/jaydeep_rg1/providers/Microsoft.Network/networkSecurityGroups/jaydeep-nsg-front",
            "location": "centralindia",
            "name": "jaydeep-nsg-front",
            "resource_group_name": "jaydeep_rg1",
            "security_rule": [
              {
                "access": "Allow",
                "description": "",
                "destination_address_prefix": "*",
                "destination_address_prefixes": [],
                "destination_application_security_group_ids": [],
                "destination_port_range": "22",
                "destination_port_ranges": [],
                "direction": "Inbound",
                "name": "Allow-SSH",
                "priority": 200,
                "protocol": "Tcp",
                "source_address_prefix": "*",
                "source_address_prefixes": [],
                "source_application_security_group_ids": [],
                "source_port_range": "*",
                "source_port_ranges": []
              },
              {
                "access": "Allow",
                "description": "",
                "destination_address_prefix": "*",
                "destination_address_prefixes": [],
                "destination_application_security_group_ids": [],
                "destination_port_range": "80",
                "destination_port_ranges": [],
                "direction": "Inbound",
                "name": "Allow-HTTP",
                "priority": 100,
                "protocol": "Tcp",
                "source_address_prefix": "*",
                "source_address_prefixes": [],
                "source_application_security_group_ids": [],
                "source_port_range": "*",
                "source_port_ranges": []
              }
            ],
            "tags": {
              "environment": "dev"
            },
            "timeouts": null
          },
          "sensitive_attributes": [],
          "private": "eyJlMmJmYjczMC1lY2FhLTExZTYtOGY4OC0zNDM2M2JjN2M0YzAiOnsiY3JlYXRlIjoxODAwMDAwMDAwMDAwLCJkZWxldGUiOjE4MDAwMDAwMDAwMDAsInJlYWQiOjMwMDAwMDAwMDAwMCwidXBkYXRlIjoxODAwMDAwMDAwMDAwfX0=",
          "dependencies": [
            "module.VM.azurerm_linux_virtual_machine.backend_vm",
            "module.VM.azurerm_linux_virtual_machine.frontend_vm",
            "module.VM.data.azurerm_key_vault.kvi",
            "module.VM.data.azurerm_key_vault_secret.admin-login",
            "module.VM.data.azurerm_key_vault_secret.vm-password",
            "module.VM.data.azurerm_network_interface.net_backend",
            "module.VM.data.azurerm_network_interface.net_front",
            "module.Vnet.azurerm_virtual_network.vnet_Jay",
            "module.key_vaults.azurerm_key_vault.kv_jay",
            "module.kv_admin_roles.azurerm_role_assignment.kv_admin",
            "module.kv_admin_roles.data.azurerm_key_vault.kvi",
            "module.nic.azurerm_network_interface.nic_config",
            "module.nic.data.azurerm_public_ip.ips",
            "module.nic.data.azurerm_subnet.subnets",
            "module.public_ip.azurerm_public_ip.frontend_ip",
            "module.subnet.azurerm_subnet.subnet_frontend",
            "module.xyz.azurerm_resource_group.jaydeep_rg1"
          ]
        }
      ]
    },
    {
      "module": "module.VM",
      "mode": "data",
      "type": "azurerm_key_vault",
      "name": "kvi",
      "provider": "provider[\"registry.terraform.io/hashicorp/azurerm\"]",
      "instances": [
        {
          "schema_version": 0,
          "attributes": {
            "access_policy": [],
            "enable_rbac_authorization": true,
            "enabled_for_deployment": false,
            "enabled_for_disk_encryption": false,
            "enabled_for_template_deployment": false,
            "id": "/subscriptions/845670d0-6329-46a7-97a7-fe36dbdce51b/resourceGroups/jaydeep_rg/providers/Microsoft.KeyVault/vaults/jaydeep-key-vault",
            "location": "centralindia",
            "name": "jaydeep-key-vault",
            "network_acls": [],
            "public_network_access_enabled": true,
            "purge_protection_enabled": true,
            "resource_group_name": "jaydeep_rg",
            "sku_name": "standard",
            "tags": {},
            "tenant_id": "a65d0b0e-fc3d-4f7c-81d7-18125e465472",
            "timeouts": null,
            "vault_uri": "https://jaydeep-key-vault.vault.azure.net/"
          },
          "sensitive_attributes": []
        }
      ]
    },
    {
      "module": "module.VM",
      "mode": "data",
      "type": "azurerm_key_vault_secret",
      "name": "admin-login",
      "provider": "provider[\"registry.terraform.io/hashicorp/azurerm\"]",
      "instances": [
        {
          "schema_version": 0,
          "attributes": {
            "content_type": "",
            "expiration_date": null,
            "id": "https://jaydeep-key-vault.vault.azure.net/secrets/admin-login/d0bfcb848d18499ab2273d1e34fcf6f8",
            "key_vault_id": "/subscriptions/845670d0-6329-46a7-97a7-fe36dbdce51b/resourceGroups/jaydeep_rg/providers/Microsoft.KeyVault/vaults/jaydeep-key-vault",
            "name": "admin-login",
            "not_before_date": null,
            "resource_id": "/subscriptions/845670d0-6329-46a7-97a7-fe36dbdce51b/resourceGroups/jaydeep_rg/providers/Microsoft.KeyVault/vaults/jaydeep-key-vault/secrets/admin-login/versions/d0bfcb848d18499ab2273d1e34fcf6f8",
            "resource_versionless_id": "/subscriptions/845670d0-6329-46a7-97a7-fe36dbdce51b/resourceGroups/jaydeep_rg/providers/Microsoft.KeyVault/vaults/jaydeep-key-vault/secrets/admin-login",
            "tags": {},
            "timeouts": null,
            "value": "Jaydeepc1985",
            "version": "d0bfcb848d18499ab2273d1e34fcf6f8",
            "versionless_id": "https://jaydeep-key-vault.vault.azure.net/secrets/admin-login"
          },
          "sensitive_attributes": [
            [
              {
                "type": "get_attr",
                "value": "value"
              }
            ]
          ]
        }
      ]
    },
    {
      "module": "module.VM",
      "mode": "data",
      "type": "azurerm_key_vault_secret",
      "name": "vm-password",
      "provider": "provider[\"registry.terraform.io/hashicorp/azurerm\"]",
      "instances": [
        {
          "schema_version": 0,
          "attributes": {
            "content_type": "",
            "expiration_date": null,
            "id": "https://jaydeep-key-vault.vault.azure.net/secrets/vm-password/003f42f5cdfa4d04aef41471f6531873",
            "key_vault_id": "/subscriptions/845670d0-6329-46a7-97a7-fe36dbdce51b/resourceGroups/jaydeep_rg/providers/Microsoft.KeyVault/vaults/jaydeep-key-vault",
            "name": "vm-password",
            "not_before_date": null,
            "resource_id": "/subscriptions/845670d0-6329-46a7-97a7-fe36dbdce51b/resourceGroups/jaydeep_rg/providers/Microsoft.KeyVault/vaults/jaydeep-key-vault/secrets/vm-password/versions/003f42f5cdfa4d04aef41471f6531873",
            "resource_versionless_id": "/subscriptions/845670d0-6329-46a7-97a7-fe36dbdce51b/resourceGroups/jaydeep_rg/providers/Microsoft.KeyVault/vaults/jaydeep-key-vault/secrets/vm-password",
            "tags": {},
            "timeouts": null,
            "value": "Oneday@3211985",
            "version": "003f42f5cdfa4d04aef41471f6531873",
            "versionless_id": "https://jaydeep-key-vault.vault.azure.net/secrets/vm-password"
          },
          "sensitive_attributes": [
            [
              {
                "type": "get_attr",
                "value": "value"
              }
            ]
          ]
        }
      ]
    },
    {
      "module": "module.VM",
      "mode": "data",
      "type": "azurerm_network_interface",
      "name": "net_backend",
      "provider": "provider[\"registry.terraform.io/hashicorp/azurerm\"]",
      "instances": [
        {
          "schema_version": 0,
          "attributes": {
            "accelerated_networking_enabled": false,
            "applied_dns_servers": [],
            "dns_servers": [],
            "id": "/subscriptions/845670d0-6329-46a7-97a7-fe36dbdce51b/resourceGroups/jaydeep_rg1/providers/Microsoft.Network/networkInterfaces/nic-backend-jay",
            "internal_dns_name_label": "",
            "ip_configuration": [
              {
                "application_gateway_backend_address_pools_ids": [],
                "application_security_group_ids": [],
                "gateway_load_balancer_frontend_ip_configuration_id": "",
                "load_balancer_backend_address_pools_ids": [],
                "load_balancer_inbound_nat_rules_ids": [],
                "name": "ipconfig1",
                "primary": true,
                "private_ip_address": "10.16.0.20",
                "private_ip_address_allocation": "Dynamic",
                "private_ip_address_version": "IPv4",
                "public_ip_address_id": "/subscriptions/845670d0-6329-46a7-97a7-fe36dbdce51b/resourceGroups/jaydeep_rg1/providers/Microsoft.Network/publicIPAddresses/backend-public-ip",
                "subnet_id": "/subscriptions/845670d0-6329-46a7-97a7-fe36dbdce51b/resourceGroups/jaydeep_rg1/providers/Microsoft.Network/virtualNetworks/JaydeepVnet/subnets/backend_jay"
              }
            ],
            "ip_forwarding_enabled": false,
            "location": "centralindia",
            "mac_address": "",
            "name": "nic-backend-jay",
            "network_security_group_id": "",
            "private_ip_address": "10.16.0.20",
            "private_ip_addresses": [
              "10.16.0.20"
            ],
            "resource_group_name": "jaydeep_rg1",
            "tags": {},
            "timeouts": null,
            "virtual_machine_id": ""
          },
          "sensitive_attributes": []
        }
      ]
    },
    {
      "module": "module.VM",
      "mode": "data",
      "type": "azurerm_network_interface",
      "name": "net_front",
      "provider": "provider[\"registry.terraform.io/hashicorp/azurerm\"]",
      "instances": [
        {
          "schema_version": 0,
          "attributes": {
            "accelerated_networking_enabled": false,
            "applied_dns_servers": [],
            "dns_servers": [],
            "id": "/subscriptions/845670d0-6329-46a7-97a7-fe36dbdce51b/resourceGroups/jaydeep_rg1/providers/Microsoft.Network/networkInterfaces/nic-frontend-jay",
            "internal_dns_name_label": "",
            "ip_configuration": [
              {
                "application_gateway_backend_address_pools_ids": [],
                "application_security_group_ids": [],
                "gateway_load_balancer_frontend_ip_configuration_id": "",
                "load_balancer_backend_address_pools_ids": [],
                "load_balancer_inbound_nat_rules_ids": [],
                "name": "ipconfig1",
                "primary": true,
                "private_ip_address": "10.16.0.4",
                "private_ip_address_allocation": "Dynamic",
                "private_ip_address_version": "IPv4",
                "public_ip_address_id": "/subscriptions/845670d0-6329-46a7-97a7-fe36dbdce51b/resourceGroups/jaydeep_rg1/providers/Microsoft.Network/publicIPAddresses/frontend-public-ip",
                "subnet_id": "/subscriptions/845670d0-6329-46a7-97a7-fe36dbdce51b/resourceGroups/jaydeep_rg1/providers/Microsoft.Network/virtualNetworks/JaydeepVnet/subnets/frontend_jay"
              }
            ],
            "ip_forwarding_enabled": false,
            "location": "centralindia",
            "mac_address": "",
            "name": "nic-frontend-jay",
            "network_security_group_id": "",
            "private_ip_address": "10.16.0.4",
            "private_ip_addresses": [
              "10.16.0.4"
            ],
            "resource_group_name": "jaydeep_rg1",
            "tags": {},
            "timeouts": null,
            "virtual_machine_id": ""
          },
          "sensitive_attributes": []
        }
      ]
    },
    {
      "module": "module.VM",
      "mode": "managed",
      "type": "azurerm_linux_virtual_machine",
      "name": "backend_vm",
      "provider": "provider[\"registry.terraform.io/hashicorp/azurerm\"]",
      "instances": [
        {
          "index_key": "backend_vm_x",
          "schema_version": 0,
          "attributes": {
            "additional_capabilities": [],
            "admin_password": "Oneday@3211985",
            "admin_ssh_key": [],
            "admin_username": "Jaydeepc1985",
            "allow_extension_operations": true,
            "availability_set_id": "",
            "boot_diagnostics": [],
            "bypass_platform_safety_checks_on_user_schedule_enabled": false,
            "capacity_reservation_group_id": "",
            "computer_name": "jaydeep-backend-vm",
            "custom_data": "IyEvYmluL2Jhc2gNCnNldCAtZQ0KCQ0KYXB0LWdldCB1cGRhdGUNCmFwdC1nZXQgaW5zdGFsbCAteSB3Z2V0IGFwdC10cmFuc3BvcnQtaHR0cHMgc29mdHdhcmUtcHJvcGVydGllcy1jb21tb24NCgkgICAgDQp3Z2V0IGh0dHBzOi8vcGFja2FnZXMubWljcm9zb2Z0LmNvbS9jb25maWcvdWJ1bnR1LyQobHNiX3JlbGVhc2UgLXJzKS9wYWNrYWdlcy1taWNyb3NvZnQtcHJvZC5kZWIgLU8gcGFja2FnZXMtbWljcm9zb2Z0LXByb2QuZGViDQpkcGtnIC1pIHBhY2thZ2VzLW1pY3Jvc29mdC1wcm9kLmRlYg0KCSAgICANCmFwdC1nZXQgdXBkYXRlDQphcHQtZ2V0IGluc3RhbGwgLXkgZG90bmV0LXNkay04LjAgYXNwbmV0Y29yZS1ydW50aW1lLTguMCBkb3RuZXQtcnVudGltZS04LjANCiAgICAgICANCg==",
            "dedicated_host_group_id": "",
            "dedicated_host_id": "",
            "disable_password_authentication": false,
            "disk_controller_type": "",
            "edge_zone": "",
            "encryption_at_host_enabled": false,
            "eviction_policy": "",
            "extensions_time_budget": "PT1H30M",
            "gallery_application": [],
            "id": "/subscriptions/845670d0-6329-46a7-97a7-fe36dbdce51b/resourceGroups/jaydeep_rg1/providers/Microsoft.Compute/virtualMachines/jaydeep-backend-vm",
            "identity": [],
            "license_type": "",
            "location": "centralindia",
            "max_bid_price": -1,
            "name": "jaydeep-backend-vm",
            "network_interface_ids": [
              "/subscriptions/845670d0-6329-46a7-97a7-fe36dbdce51b/resourceGroups/jaydeep_rg1/providers/Microsoft.Network/networkInterfaces/nic-backend-jay"
            ],
            "os_disk": [
              {
                "caching": "ReadWrite",
                "diff_disk_settings": [],
                "disk_encryption_set_id": "",
                "disk_size_gb": 30,
                "id": "/subscriptions/845670d0-6329-46a7-97a7-fe36dbdce51b/resourceGroups/jaydeep_rg1/providers/Microsoft.Compute/disks/osdisk-jaydeep1",
                "name": "osdisk-jaydeep1",
                "secure_vm_disk_encryption_set_id": "",
                "security_encryption_type": "",
                "storage_account_type": "Standard_LRS",
                "write_accelerator_enabled": false
              }
            ],
            "os_image_notification": [],
            "patch_assessment_mode": "ImageDefault",
            "patch_mode": "ImageDefault",
            "plan": [],
            "platform_fault_domain": -1,
            "priority": "Regular",
            "private_ip_address": "10.16.0.20",
            "private_ip_addresses": [
              "10.16.0.20"
            ],
            "provision_vm_agent": true,
            "proximity_placement_group_id": "",
            "public_ip_address": "74.225.141.15",
            "public_ip_addresses": [
              "74.225.141.15"
            ],
            "reboot_setting": "",
            "resource_group_name": "jaydeep_rg1",
            "secret": [],
            "secure_boot_enabled": false,
            "size": "Standard_B1s",
            "source_image_id": "",
            "source_image_reference": [
              {
                "offer": "0001-com-ubuntu-server-focal",
                "publisher": "Canonical",
                "sku": "20_04-lts",
                "version": "latest"
              }
            ],
            "tags": null,
            "termination_notification": null,
            "timeouts": null,
            "user_data": "",
            "virtual_machine_id": "4353e2a0-f0f8-4d34-bf5a-38ebf4fdf2b8",
            "virtual_machine_scale_set_id": "",
            "vm_agent_platform_updates_enabled": false,
            "vtpm_enabled": false,
            "zone": ""
          },
          "sensitive_attributes": [
            [
              {
                "type": "get_attr",
                "value": "admin_password"
              }
            ],
            [
              {
                "type": "get_attr",
                "value": "admin_username"
              }
            ],
            [
              {
                "type": "get_attr",
                "value": "custom_data"
              }
            ]
          ],
          "private": "eyJlMmJmYjczMC1lY2FhLTExZTYtOGY4OC0zNDM2M2JjN2M0YzAiOnsiY3JlYXRlIjoyNzAwMDAwMDAwMDAwLCJkZWxldGUiOjI3MDAwMDAwMDAwMDAsInJlYWQiOjMwMDAwMDAwMDAwMCwidXBkYXRlIjoyNzAwMDAwMDAwMDAwfX0=",
          "dependencies": [
            "module.VM.data.azurerm_key_vault.kvi",
            "module.VM.data.azurerm_key_vault_secret.admin-login",
            "module.VM.data.azurerm_key_vault_secret.vm-password",
            "module.VM.data.azurerm_network_interface.net_backend",
            "module.Vnet.azurerm_virtual_network.vnet_Jay",
            "module.key_vaults.azurerm_key_vault.kv_jay",
            "module.kv_admin_roles.azurerm_role_assignment.kv_admin",
            "module.kv_admin_roles.data.azurerm_key_vault.kvi",
            "module.nic.azurerm_network_interface.nic_config",
            "module.nic.data.azurerm_public_ip.ips",
            "module.nic.data.azurerm_subnet.subnets",
            "module.public_ip.azurerm_public_ip.frontend_ip",
            "module.subnet.azurerm_subnet.subnet_frontend",
            "module.xyz.azurerm_resource_group.jaydeep_rg1"
          ]
        }
      ]
    },
    {
      "module": "module.VM",
      "mode": "managed",
      "type": "azurerm_linux_virtual_machine",
      "name": "frontend_vm",
      "provider": "provider[\"registry.terraform.io/hashicorp/azurerm\"]",
      "instances": [
        {
          "index_key": "frontend_vm_x",
          "schema_version": 0,
          "attributes": {
            "additional_capabilities": [],
            "admin_password": "Oneday@3211985",
            "admin_ssh_key": [],
            "admin_username": "Jaydeepc1985",
            "allow_extension_operations": true,
            "availability_set_id": "",
            "boot_diagnostics": [],
            "bypass_platform_safety_checks_on_user_schedule_enabled": false,
            "capacity_reservation_group_id": "",
            "computer_name": "jaydeep-frontend-vm",
            "custom_data": "IyEvYmluL2Jhc2gNCnN1ZG8gYXB0IHVwZGF0ZQ0Kc3VkbyBhcHQgaW5zdGFsbCAteSBuZ2lueA0Kc3VkbyBzeXN0ZW1jdGwgZW5hYmxlIG5naW54DQpzdWRvIHN5c3RlbWN0bCBzdGFydCBuZ2lueA0K",
            "dedicated_host_group_id": "",
            "dedicated_host_id": "",
            "disable_password_authentication": false,
            "disk_controller_type": "",
            "edge_zone": "",
            "encryption_at_host_enabled": false,
            "eviction_policy": "",
            "extensions_time_budget": "PT1H30M",
            "gallery_application": [],
            "id": "/subscriptions/845670d0-6329-46a7-97a7-fe36dbdce51b/resourceGroups/jaydeep_rg1/providers/Microsoft.Compute/virtualMachines/jaydeep-frontend-vm",
            "identity": [],
            "license_type": "",
            "location": "centralindia",
            "max_bid_price": -1,
            "name": "jaydeep-frontend-vm",
            "network_interface_ids": [
              "/subscriptions/845670d0-6329-46a7-97a7-fe36dbdce51b/resourceGroups/jaydeep_rg1/providers/Microsoft.Network/networkInterfaces/nic-frontend-jay"
            ],
            "os_disk": [
              {
                "caching": "ReadWrite",
                "diff_disk_settings": [],
                "disk_encryption_set_id": "",
                "disk_size_gb": 30,
                "id": "/subscriptions/845670d0-6329-46a7-97a7-fe36dbdce51b/resourceGroups/jaydeep_rg1/providers/Microsoft.Compute/disks/osdisk-jaydeep",
                "name": "osdisk-jaydeep",
                "secure_vm_disk_encryption_set_id": "",
                "security_encryption_type": "",
                "storage_account_type": "Standard_LRS",
                "write_accelerator_enabled": false
              }
            ],
            "os_image_notification": [],
            "patch_assessment_mode": "ImageDefault",
            "patch_mode": "ImageDefault",
            "plan": [],
            "platform_fault_domain": -1,
            "priority": "Regular",
            "private_ip_address": "10.16.0.4",
            "private_ip_addresses": [
              "10.16.0.4"
            ],
            "provision_vm_agent": true,
            "proximity_placement_group_id": "",
            "public_ip_address": "74.225.141.9",
            "public_ip_addresses": [
              "74.225.141.9"
            ],
            "reboot_setting": "",
            "resource_group_name": "jaydeep_rg1",
            "secret": [],
            "secure_boot_enabled": false,
            "size": "Standard_B1s",
            "source_image_id": "",
            "source_image_reference": [
              {
                "offer": "0001-com-ubuntu-server-jammy",
                "publisher": "Canonical",
                "sku": "22_04-LTS",
                "version": "latest"
              }
            ],
            "tags": null,
            "termination_notification": null,
            "timeouts": null,
            "user_data": "",
            "virtual_machine_id": "861cfd73-b702-4c8c-b282-e9e8a02e806d",
            "virtual_machine_scale_set_id": "",
            "vm_agent_platform_updates_enabled": false,
            "vtpm_enabled": false,
            "zone": ""
          },
          "sensitive_attributes": [
            [
              {
                "type": "get_attr",
                "value": "custom_data"
              }
            ],
            [
              {
                "type": "get_attr",
                "value": "admin_username"
              }
            ],
            [
              {
                "type": "get_attr",
                "value": "admin_password"
              }
            ]
          ],
          "private": "eyJlMmJmYjczMC1lY2FhLTExZTYtOGY4OC0zNDM2M2JjN2M0YzAiOnsiY3JlYXRlIjoyNzAwMDAwMDAwMDAwLCJkZWxldGUiOjI3MDAwMDAwMDAwMDAsInJlYWQiOjMwMDAwMDAwMDAwMCwidXBkYXRlIjoyNzAwMDAwMDAwMDAwfX0=",
          "dependencies": [
            "module.VM.data.azurerm_key_vault.kvi",
            "module.VM.data.azurerm_key_vault_secret.admin-login",
            "module.VM.data.azurerm_key_vault_secret.vm-password",
            "module.VM.data.azurerm_network_interface.net_front",
            "module.Vnet.azurerm_virtual_network.vnet_Jay",
            "module.key_vaults.azurerm_key_vault.kv_jay",
            "module.kv_admin_roles.azurerm_role_assignment.kv_admin",
            "module.kv_admin_roles.data.azurerm_key_vault.kvi",
            "module.nic.azurerm_network_interface.nic_config",
            "module.nic.data.azurerm_public_ip.ips",
            "module.nic.data.azurerm_subnet.subnets",
            "module.public_ip.azurerm_public_ip.frontend_ip",
            "module.subnet.azurerm_subnet.subnet_frontend",
            "module.xyz.azurerm_resource_group.jaydeep_rg1"
          ]
        }
      ]
    },
    {
      "module": "module.Vnet",
      "mode": "managed",
      "type": "azurerm_virtual_network",
      "name": "vnet_Jay",
      "provider": "provider[\"registry.terraform.io/hashicorp/azurerm\"]",
      "instances": [
        {
          "index_key": "vnet_z",
          "schema_version": 0,
          "attributes": {
            "address_space": [
              "10.16.0.0/27"
            ],
            "bgp_community": "",
            "ddos_protection_plan": [],
            "dns_servers": [],
            "edge_zone": "",
            "encryption": [],
            "flow_timeout_in_minutes": 0,
            "guid": "78b47446-e686-4d40-bcab-bdb52c895206",
            "id": "/subscriptions/845670d0-6329-46a7-97a7-fe36dbdce51b/resourceGroups/jaydeep_rg1/providers/Microsoft.Network/virtualNetworks/JaydeepVnet",
            "ip_address_pool": [],
            "location": "centralindia",
            "name": "JaydeepVnet",
            "private_endpoint_vnet_policies": "Disabled",
            "resource_group_name": "jaydeep_rg1",
            "subnet": [],
            "tags": null,
            "timeouts": null
          },
          "sensitive_attributes": [],
          "private": "eyJlMmJmYjczMC1lY2FhLTExZTYtOGY4OC0zNDM2M2JjN2M0YzAiOnsiY3JlYXRlIjoxODAwMDAwMDAwMDAwLCJkZWxldGUiOjE4MDAwMDAwMDAwMDAsInJlYWQiOjMwMDAwMDAwMDAwMCwidXBkYXRlIjoxODAwMDAwMDAwMDAwfX0=",
          "dependencies": [
            "module.xyz.azurerm_resource_group.jaydeep_rg1"
          ]
        }
      ]
    },
    {
      "module": "module.flexi_server",
      "mode": "data",
      "type": "azurerm_key_vault",
      "name": "kvi",
      "provider": "provider[\"registry.terraform.io/hashicorp/azurerm\"]",
      "instances": [
        {
          "schema_version": 0,
          "attributes": {
            "access_policy": [],
            "enable_rbac_authorization": true,
            "enabled_for_deployment": false,
            "enabled_for_disk_encryption": false,
            "enabled_for_template_deployment": false,
            "id": "/subscriptions/845670d0-6329-46a7-97a7-fe36dbdce51b/resourceGroups/jaydeep_rg/providers/Microsoft.KeyVault/vaults/jaydeep-key-vault",
            "location": "centralindia",
            "name": "jaydeep-key-vault",
            "network_acls": [],
            "public_network_access_enabled": true,
            "purge_protection_enabled": true,
            "resource_group_name": "jaydeep_rg",
            "sku_name": "standard",
            "tags": {},
            "tenant_id": "a65d0b0e-fc3d-4f7c-81d7-18125e465472",
            "timeouts": null,
            "vault_uri": "https://jaydeep-key-vault.vault.azure.net/"
          },
          "sensitive_attributes": []
        }
      ]
    },
    {
      "module": "module.flexi_server",
      "mode": "data",
      "type": "azurerm_key_vault_secret",
      "name": "db-login",
      "provider": "provider[\"registry.terraform.io/hashicorp/azurerm\"]",
      "instances": [
        {
          "schema_version": 0,
          "attributes": {
            "content_type": "",
            "expiration_date": null,
            "id": "https://jaydeep-key-vault.vault.azure.net/secrets/db-login1/9a34d9ce02934e5c80c8d67f2c167118",
            "key_vault_id": "/subscriptions/845670d0-6329-46a7-97a7-fe36dbdce51b/resourceGroups/jaydeep_rg/providers/Microsoft.KeyVault/vaults/jaydeep-key-vault",
            "name": "db-login1",
            "not_before_date": null,
            "resource_id": "/subscriptions/845670d0-6329-46a7-97a7-fe36dbdce51b/resourceGroups/jaydeep_rg/providers/Microsoft.KeyVault/vaults/jaydeep-key-vault/secrets/db-login1/versions/9a34d9ce02934e5c80c8d67f2c167118",
            "resource_versionless_id": "/subscriptions/845670d0-6329-46a7-97a7-fe36dbdce51b/resourceGroups/jaydeep_rg/providers/Microsoft.KeyVault/vaults/jaydeep-key-vault/secrets/db-login1",
            "tags": {},
            "timeouts": null,
            "value": "Jaydeepc1985",
            "version": "9a34d9ce02934e5c80c8d67f2c167118",
            "versionless_id": "https://jaydeep-key-vault.vault.azure.net/secrets/db-login1"
          },
          "sensitive_attributes": [
            [
              {
                "type": "get_attr",
                "value": "value"
              }
            ]
          ]
        }
      ]
    },
    {
      "module": "module.flexi_server",
      "mode": "data",
      "type": "azurerm_key_vault_secret",
      "name": "db-pass",
      "provider": "provider[\"registry.terraform.io/hashicorp/azurerm\"]",
      "instances": [
        {
          "schema_version": 0,
          "attributes": {
            "content_type": "",
            "expiration_date": null,
            "id": "https://jaydeep-key-vault.vault.azure.net/secrets/admin-pass/2e51e40dd6974b3f9b6ef130dec26509",
            "key_vault_id": "/subscriptions/845670d0-6329-46a7-97a7-fe36dbdce51b/resourceGroups/jaydeep_rg/providers/Microsoft.KeyVault/vaults/jaydeep-key-vault",
            "name": "admin-pass",
            "not_before_date": null,
            "resource_id": "/subscriptions/845670d0-6329-46a7-97a7-fe36dbdce51b/resourceGroups/jaydeep_rg/providers/Microsoft.KeyVault/vaults/jaydeep-key-vault/secrets/admin-pass/versions/2e51e40dd6974b3f9b6ef130dec26509",
            "resource_versionless_id": "/subscriptions/845670d0-6329-46a7-97a7-fe36dbdce51b/resourceGroups/jaydeep_rg/providers/Microsoft.KeyVault/vaults/jaydeep-key-vault/secrets/admin-pass",
            "tags": {},
            "timeouts": null,
            "value": "Oneday@123",
            "version": "2e51e40dd6974b3f9b6ef130dec26509",
            "versionless_id": "https://jaydeep-key-vault.vault.azure.net/secrets/admin-pass"
          },
          "sensitive_attributes": [
            [
              {
                "type": "get_attr",
                "value": "value"
              }
            ]
          ]
        }
      ]
    },
    {
      "module": "module.flexi_server",
      "mode": "managed",
      "type": "azurerm_mysql_flexible_server",
      "name": "server-jay",
      "provider": "provider[\"registry.terraform.io/hashicorp/azurerm\"]",
      "instances": [
        {
          "index_key": "srv",
          "schema_version": 0,
          "attributes": {
            "administrator_login": "Jaydeepc1985",
            "administrator_password": "Oneday@123",
            "administrator_password_wo": null,
            "administrator_password_wo_version": 0,
            "backup_retention_days": 7,
            "create_mode": null,
            "customer_managed_key": [],
            "delegated_subnet_id": "",
            "fqdn": "jaydeepflexi-srver.mysql.database.azure.com",
            "geo_redundant_backup_enabled": false,
            "high_availability": [],
            "id": "/subscriptions/845670d0-6329-46a7-97a7-fe36dbdce51b/resourceGroups/jaydeep_rg1/providers/Microsoft.DBforMySQL/flexibleServers/jaydeepflexi-srver",
            "identity": [],
            "location": "centralindia",
            "maintenance_window": [],
            "name": "jaydeepflexi-srver",
            "point_in_time_restore_time_in_utc": null,
            "private_dns_zone_id": "",
            "public_network_access": "Enabled",
            "public_network_access_enabled": true,
            "replica_capacity": 10,
            "replication_role": "None",
            "resource_group_name": "jaydeep_rg1",
            "sku_name": "B_Standard_B1ms",
            "source_server_id": "",
            "storage": [
              {
                "auto_grow_enabled": true,
                "io_scaling_enabled": false,
                "iops": 360,
                "log_on_disk_enabled": false,
                "size_gb": 20
              }
            ],
            "tags": {
              "environment": "dev",
              "workload_type": "Dev/Test"
            },
            "timeouts": null,
            "version": "8.0.21",
            "zone": "3"
          },
          "sensitive_attributes": [
            [
              {
                "type": "get_attr",
                "value": "administrator_login"
              }
            ],
            [
              {
                "type": "get_attr",
                "value": "administrator_password"
              }
            ]
          ],
          "private": "eyJlMmJmYjczMC1lY2FhLTExZTYtOGY4OC0zNDM2M2JjN2M0YzAiOnsiY3JlYXRlIjo3MjAwMDAwMDAwMDAwLCJkZWxldGUiOjM2MDAwMDAwMDAwMDAsInJlYWQiOjMwMDAwMDAwMDAwMCwidXBkYXRlIjo3MjAwMDAwMDAwMDAwfX0=",
          "dependencies": [
            "module.VM.azurerm_linux_virtual_machine.backend_vm",
            "module.VM.azurerm_linux_virtual_machine.frontend_vm",
            "module.VM.data.azurerm_key_vault.kvi",
            "module.VM.data.azurerm_key_vault_secret.admin-login",
            "module.VM.data.azurerm_key_vault_secret.vm-password",
            "module.VM.data.azurerm_network_interface.net_backend",
            "module.VM.data.azurerm_network_interface.net_front",
            "module.Vnet.azurerm_virtual_network.vnet_Jay",
            "module.flexi_server.data.azurerm_key_vault.kvi",
            "module.flexi_server.data.azurerm_key_vault_secret.db-login",
            "module.flexi_server.data.azurerm_key_vault_secret.db-pass",
            "module.key_vaults.azurerm_key_vault.kv_jay",
            "module.kv_admin_roles.azurerm_role_assignment.kv_admin",
            "module.kv_admin_roles.data.azurerm_key_vault.kvi",
            "module.nic.azurerm_network_interface.nic_config",
            "module.nic.data.azurerm_public_ip.ips",
            "module.nic.data.azurerm_subnet.subnets",
            "module.public_ip.azurerm_public_ip.frontend_ip",
            "module.subnet.azurerm_subnet.subnet_frontend",
            "module.xyz.azurerm_resource_group.jaydeep_rg1"
          ]
        }
      ]
    },
    {
      "module": "module.key_vaults",
      "mode": "managed",
      "type": "azurerm_key_vault",
      "name": "kv_jay",
      "provider": "provider[\"registry.terraform.io/hashicorp/azurerm\"]",
      "instances": [
        {
          "index_key": "key-vault",
          "schema_version": 2,
          "attributes": {
            "access_policy": [],
            "contact": [],
            "enable_rbac_authorization": true,
            "enabled_for_deployment": false,
            "enabled_for_disk_encryption": false,
            "enabled_for_template_deployment": false,
            "id": "/subscriptions/845670d0-6329-46a7-97a7-fe36dbdce51b/resourceGroups/jaydeep_rg/providers/Microsoft.KeyVault/vaults/jaydeep-key-vault",
            "location": "centralindia",
            "name": "jaydeep-key-vault",
            "network_acls": [
              {
                "bypass": "AzureServices",
                "default_action": "Allow",
                "ip_rules": [],
                "virtual_network_subnet_ids": []
              }
            ],
            "public_network_access_enabled": true,
            "purge_protection_enabled": true,
            "resource_group_name": "jaydeep_rg",
            "sku_name": "standard",
            "soft_delete_retention_days": 7,
            "tags": null,
            "tenant_id": "a65d0b0e-fc3d-4f7c-81d7-18125e465472",
            "timeouts": null,
            "vault_uri": "https://jaydeep-key-vault.vault.azure.net/"
          },
          "sensitive_attributes": [],
          "private": "eyJlMmJmYjczMC1lY2FhLTExZTYtOGY4OC0zNDM2M2JjN2M0YzAiOnsiY3JlYXRlIjoxODAwMDAwMDAwMDAwLCJkZWxldGUiOjE4MDAwMDAwMDAwMDAsInJlYWQiOjMwMDAwMDAwMDAwMCwidXBkYXRlIjoxODAwMDAwMDAwMDAwfSwic2NoZW1hX3ZlcnNpb24iOiIyIn0=",
          "dependencies": [
            "module.xyz.azurerm_resource_group.jaydeep_rg1"
          ]
        }
      ]
    },
    {
      "module": "module.kv_admin_roles",
      "mode": "data",
      "type": "azurerm_key_vault",
      "name": "kvi",
      "provider": "provider[\"registry.terraform.io/hashicorp/azurerm\"]",
      "instances": [
        {
          "schema_version": 0,
          "attributes": {
            "access_policy": [],
            "enable_rbac_authorization": true,
            "enabled_for_deployment": false,
            "enabled_for_disk_encryption": false,
            "enabled_for_template_deployment": false,
            "id": "/subscriptions/845670d0-6329-46a7-97a7-fe36dbdce51b/resourceGroups/jaydeep_rg/providers/Microsoft.KeyVault/vaults/jaydeep-key-vault",
            "location": "centralindia",
            "name": "jaydeep-key-vault",
            "network_acls": [],
            "public_network_access_enabled": true,
            "purge_protection_enabled": true,
            "resource_group_name": "jaydeep_rg",
            "sku_name": "standard",
            "tags": {},
            "tenant_id": "a65d0b0e-fc3d-4f7c-81d7-18125e465472",
            "timeouts": null,
            "vault_uri": "https://jaydeep-key-vault.vault.azure.net/"
          },
          "sensitive_attributes": []
        }
      ]
    },
    {
      "module": "module.kv_admin_roles",
      "mode": "managed",
      "type": "azurerm_role_assignment",
      "name": "kv_admin",
      "provider": "provider[\"registry.terraform.io/hashicorp/azurerm\"]",
      "instances": [
        {
          "index_key": "kv_admin",
          "schema_version": 0,
          "attributes": {
            "condition": "",
            "condition_version": "",
            "delegated_managed_identity_resource_id": "",
            "description": "",
            "id": "/subscriptions/845670d0-6329-46a7-97a7-fe36dbdce51b/resourceGroups/jaydeep_rg/providers/Microsoft.KeyVault/vaults/jaydeep-key-vault/providers/Microsoft.Authorization/roleAssignments/839a5da0-c428-9088-a5ad-d3516e96f7d8",
            "name": "839a5da0-c428-9088-a5ad-d3516e96f7d8",
            "principal_id": "6cb8ab23-ea43-433e-a619-6277ca11630a",
            "principal_type": "User",
            "role_definition_id": "/subscriptions/845670d0-6329-46a7-97a7-fe36dbdce51b/providers/Microsoft.Authorization/roleDefinitions/00482a5a-887f-4fb3-b363-3b7fe8e74483",
            "role_definition_name": "Key Vault Administrator",
            "scope": "/subscriptions/845670d0-6329-46a7-97a7-fe36dbdce51b/resourceGroups/jaydeep_rg/providers/Microsoft.KeyVault/vaults/jaydeep-key-vault",
            "skip_service_principal_aad_check": null,
            "timeouts": null
          },
          "sensitive_attributes": [],
          "private": "eyJlMmJmYjczMC1lY2FhLTExZTYtOGY4OC0zNDM2M2JjN2M0YzAiOnsiY3JlYXRlIjoxODAwMDAwMDAwMDAwLCJkZWxldGUiOjE4MDAwMDAwMDAwMDAsInJlYWQiOjMwMDAwMDAwMDAwMH19",
          "dependencies": [
            "module.key_vaults.azurerm_key_vault.kv_jay",
            "module.kv_admin_roles.data.azurerm_key_vault.kvi",
            "module.xyz.azurerm_resource_group.jaydeep_rg1"
          ]
        }
      ]
    },
    {
      "module": "module.nic",
      "mode": "data",
      "type": "azurerm_public_ip",
      "name": "ips",
      "provider": "provider[\"registry.terraform.io/hashicorp/azurerm\"]",
      "instances": [
        {
          "index_key": "nic_back",
          "schema_version": 0,
          "attributes": {
            "allocation_method": "Static",
            "ddos_protection_mode": "VirtualNetworkInherited",
            "ddos_protection_plan_id": null,
            "domain_name_label": "",
            "fqdn": "",
            "id": "/subscriptions/845670d0-6329-46a7-97a7-fe36dbdce51b/resourceGroups/jaydeep_rg1/providers/Microsoft.Network/publicIPAddresses/backend-public-ip",
            "idle_timeout_in_minutes": 4,
            "ip_address": "74.225.141.15",
            "ip_tags": {},
            "ip_version": "IPv4",
            "location": "centralindia",
            "name": "backend-public-ip",
            "resource_group_name": "jaydeep_rg1",
            "reverse_fqdn": "",
            "sku": "Basic",
            "tags": {},
            "timeouts": null,
            "zones": []
          },
          "sensitive_attributes": []
        },
        {
          "index_key": "nic_front",
          "schema_version": 0,
          "attributes": {
            "allocation_method": "Static",
            "ddos_protection_mode": "VirtualNetworkInherited",
            "ddos_protection_plan_id": null,
            "domain_name_label": "",
            "fqdn": "",
            "id": "/subscriptions/845670d0-6329-46a7-97a7-fe36dbdce51b/resourceGroups/jaydeep_rg1/providers/Microsoft.Network/publicIPAddresses/frontend-public-ip",
            "idle_timeout_in_minutes": 4,
            "ip_address": "74.225.141.9",
            "ip_tags": {},
            "ip_version": "IPv4",
            "location": "centralindia",
            "name": "frontend-public-ip",
            "resource_group_name": "jaydeep_rg1",
            "reverse_fqdn": "",
            "sku": "Basic",
            "tags": {},
            "timeouts": null,
            "zones": []
          },
          "sensitive_attributes": []
        }
      ]
    },
    {
      "module": "module.nic",
      "mode": "data",
      "type": "azurerm_subnet",
      "name": "subnets",
      "provider": "provider[\"registry.terraform.io/hashicorp/azurerm\"]",
      "instances": [
        {
          "index_key": "nic_back",
          "schema_version": 0,
          "attributes": {
            "address_prefix": "10.16.0.16/28",
            "address_prefixes": [
              "10.16.0.16/28"
            ],
            "default_outbound_access_enabled": true,
            "id": "/subscriptions/845670d0-6329-46a7-97a7-fe36dbdce51b/resourceGroups/jaydeep_rg1/providers/Microsoft.Network/virtualNetworks/JaydeepVnet/subnets/backend_jay",
            "name": "backend_jay",
            "network_security_group_id": "",
            "private_endpoint_network_policies": "Disabled",
            "private_link_service_network_policies_enabled": true,
            "resource_group_name": "jaydeep_rg1",
            "route_table_id": "",
            "service_endpoints": [],
            "timeouts": null,
            "virtual_network_name": "JaydeepVnet"
          },
          "sensitive_attributes": []
        },
        {
          "index_key": "nic_front",
          "schema_version": 0,
          "attributes": {
            "address_prefix": "10.16.0.0/28",
            "address_prefixes": [
              "10.16.0.0/28"
            ],
            "default_outbound_access_enabled": true,
            "id": "/subscriptions/845670d0-6329-46a7-97a7-fe36dbdce51b/resourceGroups/jaydeep_rg1/providers/Microsoft.Network/virtualNetworks/JaydeepVnet/subnets/frontend_jay",
            "name": "frontend_jay",
            "network_security_group_id": "",
            "private_endpoint_network_policies": "Disabled",
            "private_link_service_network_policies_enabled": true,
            "resource_group_name": "jaydeep_rg1",
            "route_table_id": "",
            "service_endpoints": [],
            "timeouts": null,
            "virtual_network_name": "JaydeepVnet"
          },
          "sensitive_attributes": []
        }
      ]
    },
    {
      "module": "module.nic",
      "mode": "managed",
      "type": "azurerm_network_interface",
      "name": "nic_config",
      "provider": "provider[\"registry.terraform.io/hashicorp/azurerm\"]",
      "instances": [
        {
          "index_key": "nic_back",
          "schema_version": 0,
          "attributes": {
            "accelerated_networking_enabled": false,
            "applied_dns_servers": [],
            "auxiliary_mode": "",
            "auxiliary_sku": "",
            "dns_servers": null,
            "edge_zone": "",
            "id": "/subscriptions/845670d0-6329-46a7-97a7-fe36dbdce51b/resourceGroups/jaydeep_rg1/providers/Microsoft.Network/networkInterfaces/nic-backend-jay",
            "internal_dns_name_label": "",
            "internal_domain_name_suffix": "iz0li4eg2zae1pflxw0szcksag.rx.internal.cloudapp.net",
            "ip_configuration": [
              {
                "gateway_load_balancer_frontend_ip_configuration_id": "",
                "name": "ipconfig1",
                "primary": true,
                "private_ip_address": "10.16.0.20",
                "private_ip_address_allocation": "Dynamic",
                "private_ip_address_version": "IPv4",
                "public_ip_address_id": "/subscriptions/845670d0-6329-46a7-97a7-fe36dbdce51b/resourceGroups/jaydeep_rg1/providers/Microsoft.Network/publicIPAddresses/backend-public-ip",
                "subnet_id": "/subscriptions/845670d0-6329-46a7-97a7-fe36dbdce51b/resourceGroups/jaydeep_rg1/providers/Microsoft.Network/virtualNetworks/JaydeepVnet/subnets/backend_jay"
              }
            ],
            "ip_forwarding_enabled": false,
            "location": "centralindia",
            "mac_address": "",
            "name": "nic-backend-jay",
            "private_ip_address": "10.16.0.20",
            "private_ip_addresses": [
              "10.16.0.20"
            ],
            "resource_group_name": "jaydeep_rg1",
            "tags": null,
            "timeouts": null,
            "virtual_machine_id": ""
          },
          "sensitive_attributes": [],
          "private": "eyJlMmJmYjczMC1lY2FhLTExZTYtOGY4OC0zNDM2M2JjN2M0YzAiOnsiY3JlYXRlIjoxODAwMDAwMDAwMDAwLCJkZWxldGUiOjE4MDAwMDAwMDAwMDAsInJlYWQiOjMwMDAwMDAwMDAwMCwidXBkYXRlIjoxODAwMDAwMDAwMDAwfX0=",
          "dependencies": [
            "module.Vnet.azurerm_virtual_network.vnet_Jay",
            "module.nic.data.azurerm_public_ip.ips",
            "module.nic.data.azurerm_subnet.subnets",
            "module.public_ip.azurerm_public_ip.frontend_ip",
            "module.subnet.azurerm_subnet.subnet_frontend",
            "module.xyz.azurerm_resource_group.jaydeep_rg1"
          ]
        },
        {
          "index_key": "nic_front",
          "schema_version": 0,
          "attributes": {
            "accelerated_networking_enabled": false,
            "applied_dns_servers": [],
            "auxiliary_mode": "",
            "auxiliary_sku": "",
            "dns_servers": null,
            "edge_zone": "",
            "id": "/subscriptions/845670d0-6329-46a7-97a7-fe36dbdce51b/resourceGroups/jaydeep_rg1/providers/Microsoft.Network/networkInterfaces/nic-frontend-jay",
            "internal_dns_name_label": "",
            "internal_domain_name_suffix": "iz0li4eg2zae1pflxw0szcksag.rx.internal.cloudapp.net",
            "ip_configuration": [
              {
                "gateway_load_balancer_frontend_ip_configuration_id": "",
                "name": "ipconfig1",
                "primary": true,
                "private_ip_address": "10.16.0.4",
                "private_ip_address_allocation": "Dynamic",
                "private_ip_address_version": "IPv4",
                "public_ip_address_id": "/subscriptions/845670d0-6329-46a7-97a7-fe36dbdce51b/resourceGroups/jaydeep_rg1/providers/Microsoft.Network/publicIPAddresses/frontend-public-ip",
                "subnet_id": "/subscriptions/845670d0-6329-46a7-97a7-fe36dbdce51b/resourceGroups/jaydeep_rg1/providers/Microsoft.Network/virtualNetworks/JaydeepVnet/subnets/frontend_jay"
              }
            ],
            "ip_forwarding_enabled": false,
            "location": "centralindia",
            "mac_address": "",
            "name": "nic-frontend-jay",
            "private_ip_address": "10.16.0.4",
            "private_ip_addresses": [
              "10.16.0.4"
            ],
            "resource_group_name": "jaydeep_rg1",
            "tags": null,
            "timeouts": null,
            "virtual_machine_id": ""
          },
          "sensitive_attributes": [],
          "private": "eyJlMmJmYjczMC1lY2FhLTExZTYtOGY4OC0zNDM2M2JjN2M0YzAiOnsiY3JlYXRlIjoxODAwMDAwMDAwMDAwLCJkZWxldGUiOjE4MDAwMDAwMDAwMDAsInJlYWQiOjMwMDAwMDAwMDAwMCwidXBkYXRlIjoxODAwMDAwMDAwMDAwfX0=",
          "dependencies": [
            "module.Vnet.azurerm_virtual_network.vnet_Jay",
            "module.nic.data.azurerm_public_ip.ips",
            "module.nic.data.azurerm_subnet.subnets",
            "module.public_ip.azurerm_public_ip.frontend_ip",
            "module.subnet.azurerm_subnet.subnet_frontend",
            "module.xyz.azurerm_resource_group.jaydeep_rg1"
          ]
        }
      ]
    },
    {
      "module": "module.public_ip",
      "mode": "managed",
      "type": "azurerm_public_ip",
      "name": "frontend_ip",
      "provider": "provider[\"registry.terraform.io/hashicorp/azurerm\"]",
      "instances": [
        {
          "index_key": "pub-ip_back",
          "schema_version": 0,
          "attributes": {
            "allocation_method": "Static",
            "ddos_protection_mode": "VirtualNetworkInherited",
            "ddos_protection_plan_id": null,
            "domain_name_label": null,
            "domain_name_label_scope": null,
            "edge_zone": "",
            "fqdn": null,
            "id": "/subscriptions/845670d0-6329-46a7-97a7-fe36dbdce51b/resourceGroups/jaydeep_rg1/providers/Microsoft.Network/publicIPAddresses/backend-public-ip",
            "idle_timeout_in_minutes": 4,
            "ip_address": "74.225.141.15",
            "ip_tags": null,
            "ip_version": "IPv4",
            "location": "centralindia",
            "name": "backend-public-ip",
            "public_ip_prefix_id": null,
            "resource_group_name": "jaydeep_rg1",
            "reverse_fqdn": null,
            "sku": "Basic",
            "sku_tier": "Regional",
            "tags": null,
            "timeouts": null,
            "zones": null
          },
          "sensitive_attributes": [],
          "private": "eyJlMmJmYjczMC1lY2FhLTExZTYtOGY4OC0zNDM2M2JjN2M0YzAiOnsiY3JlYXRlIjoxODAwMDAwMDAwMDAwLCJkZWxldGUiOjE4MDAwMDAwMDAwMDAsInJlYWQiOjMwMDAwMDAwMDAwMCwidXBkYXRlIjoxODAwMDAwMDAwMDAwfX0=",
          "dependencies": [
            "module.Vnet.azurerm_virtual_network.vnet_Jay",
            "module.xyz.azurerm_resource_group.jaydeep_rg1"
          ]
        },
        {
          "index_key": "pub-ip_front",
          "schema_version": 0,
          "attributes": {
            "allocation_method": "Static",
            "ddos_protection_mode": "VirtualNetworkInherited",
            "ddos_protection_plan_id": null,
            "domain_name_label": null,
            "domain_name_label_scope": null,
            "edge_zone": "",
            "fqdn": null,
            "id": "/subscriptions/845670d0-6329-46a7-97a7-fe36dbdce51b/resourceGroups/jaydeep_rg1/providers/Microsoft.Network/publicIPAddresses/frontend-public-ip",
            "idle_timeout_in_minutes": 4,
            "ip_address": "74.225.141.9",
            "ip_tags": null,
            "ip_version": "IPv4",
            "location": "centralindia",
            "name": "frontend-public-ip",
            "public_ip_prefix_id": null,
            "resource_group_name": "jaydeep_rg1",
            "reverse_fqdn": null,
            "sku": "Basic",
            "sku_tier": "Regional",
            "tags": null,
            "timeouts": null,
            "zones": null
          },
          "sensitive_attributes": [],
          "private": "eyJlMmJmYjczMC1lY2FhLTExZTYtOGY4OC0zNDM2M2JjN2M0YzAiOnsiY3JlYXRlIjoxODAwMDAwMDAwMDAwLCJkZWxldGUiOjE4MDAwMDAwMDAwMDAsInJlYWQiOjMwMDAwMDAwMDAwMCwidXBkYXRlIjoxODAwMDAwMDAwMDAwfX0=",
          "dependencies": [
            "module.Vnet.azurerm_virtual_network.vnet_Jay",
            "module.xyz.azurerm_resource_group.jaydeep_rg1"
          ]
        }
      ]
    },
    {
      "module": "module.subnet",
      "mode": "managed",
      "type": "azurerm_subnet",
      "name": "subnet_frontend",
      "provider": "provider[\"registry.terraform.io/hashicorp/azurerm\"]",
      "instances": [
        {
          "index_key": "back_x",
          "schema_version": 0,
          "attributes": {
            "address_prefixes": [
              "10.16.0.16/28"
            ],
            "default_outbound_access_enabled": true,
            "delegation": [],
            "id": "/subscriptions/845670d0-6329-46a7-97a7-fe36dbdce51b/resourceGroups/jaydeep_rg1/providers/Microsoft.Network/virtualNetworks/JaydeepVnet/subnets/backend_jay",
            "name": "backend_jay",
            "private_endpoint_network_policies": "Disabled",
            "private_link_service_network_policies_enabled": true,
            "resource_group_name": "jaydeep_rg1",
            "service_endpoint_policy_ids": null,
            "service_endpoints": null,
            "timeouts": null,
            "virtual_network_name": "JaydeepVnet"
          },
          "sensitive_attributes": [],
          "private": "eyJlMmJmYjczMC1lY2FhLTExZTYtOGY4OC0zNDM2M2JjN2M0YzAiOnsiY3JlYXRlIjoxODAwMDAwMDAwMDAwLCJkZWxldGUiOjE4MDAwMDAwMDAwMDAsInJlYWQiOjMwMDAwMDAwMDAwMCwidXBkYXRlIjoxODAwMDAwMDAwMDAwfX0=",
          "dependencies": [
            "module.Vnet.azurerm_virtual_network.vnet_Jay",
            "module.xyz.azurerm_resource_group.jaydeep_rg1"
          ]
        },
        {
          "index_key": "front_x",
          "schema_version": 0,
          "attributes": {
            "address_prefixes": [
              "10.16.0.0/28"
            ],
            "default_outbound_access_enabled": true,
            "delegation": [],
            "id": "/subscriptions/845670d0-6329-46a7-97a7-fe36dbdce51b/resourceGroups/jaydeep_rg1/providers/Microsoft.Network/virtualNetworks/JaydeepVnet/subnets/frontend_jay",
            "name": "frontend_jay",
            "private_endpoint_network_policies": "Disabled",
            "private_link_service_network_policies_enabled": true,
            "resource_group_name": "jaydeep_rg1",
            "service_endpoint_policy_ids": null,
            "service_endpoints": null,
            "timeouts": null,
            "virtual_network_name": "JaydeepVnet"
          },
          "sensitive_attributes": [],
          "private": "eyJlMmJmYjczMC1lY2FhLTExZTYtOGY4OC0zNDM2M2JjN2M0YzAiOnsiY3JlYXRlIjoxODAwMDAwMDAwMDAwLCJkZWxldGUiOjE4MDAwMDAwMDAwMDAsInJlYWQiOjMwMDAwMDAwMDAwMCwidXBkYXRlIjoxODAwMDAwMDAwMDAwfX0=",
          "dependencies": [
            "module.Vnet.azurerm_virtual_network.vnet_Jay",
            "module.xyz.azurerm_resource_group.jaydeep_rg1"
          ]
        }
      ]
    },
    {
      "module": "module.xyz",
      "mode": "managed",
      "type": "azurerm_resource_group",
      "name": "jaydeep_rg1",
      "provider": "provider[\"registry.terraform.io/hashicorp/azurerm\"]",
      "instances": [
        {
          "index_key": "rg1",
          "schema_version": 0,
          "attributes": {
            "id": "/subscriptions/845670d0-6329-46a7-97a7-fe36dbdce51b/resourceGroups/jaydeep_rg",
            "location": "centralindia",
            "managed_by": "",
            "name": "jaydeep_rg",
            "tags": null,
            "timeouts": null
          },
          "sensitive_attributes": [],
          "private": "eyJlMmJmYjczMC1lY2FhLTExZTYtOGY4OC0zNDM2M2JjN2M0YzAiOnsiY3JlYXRlIjo1NDAwMDAwMDAwMDAwLCJkZWxldGUiOjU0MDAwMDAwMDAwMDAsInJlYWQiOjMwMDAwMDAwMDAwMCwidXBkYXRlIjo1NDAwMDAwMDAwMDAwfX0="
        },
        {
          "index_key": "rg2",
          "schema_version": 0,
          "attributes": {
            "id": "/subscriptions/845670d0-6329-46a7-97a7-fe36dbdce51b/resourceGroups/jaydeep_rg1",
            "location": "centralindia",
            "managed_by": "",
            "name": "jaydeep_rg1",
            "tags": null,
            "timeouts": null
          },
          "sensitive_attributes": [],
          "private": "eyJlMmJmYjczMC1lY2FhLTExZTYtOGY4OC0zNDM2M2JjN2M0YzAiOnsiY3JlYXRlIjo1NDAwMDAwMDAwMDAwLCJkZWxldGUiOjU0MDAwMDAwMDAwMDAsInJlYWQiOjMwMDAwMDAwMDAwMCwidXBkYXRlIjo1NDAwMDAwMDAwMDAwfX0="
        },
        {
          "index_key": "rg3",
          "schema_version": 0,
          "attributes": {
            "id": "/subscriptions/845670d0-6329-46a7-97a7-fe36dbdce51b/resourceGroups/jaydeep_rg2",
            "location": "centralindia",
            "managed_by": "",
            "name": "jaydeep_rg2",
            "tags": null,
            "timeouts": null
          },
          "sensitive_attributes": [],
          "private": "eyJlMmJmYjczMC1lY2FhLTExZTYtOGY4OC0zNDM2M2JjN2M0YzAiOnsiY3JlYXRlIjo1NDAwMDAwMDAwMDAwLCJkZWxldGUiOjU0MDAwMDAwMDAwMDAsInJlYWQiOjMwMDAwMDAwMDAwMCwidXBkYXRlIjo1NDAwMDAwMDAwMDAwfX0="
        }
      ]
    }
  ],
  "check_results": null
}
